// !$*UTF8*$!
{
	archiveVersion = 1;
	classes = {
	};
	objectVersion = 50;
	objects = {

/* Begin PBXBuildFile section */
		2F8639A722A9A3A100BDDC59 /* AppDelegate.swift in Sources */ = {isa = PBXBuildFile; fileRef = 2F8639A622A9A3A100BDDC59 /* AppDelegate.swift */; };
		2F8639A922A9A3A100BDDC59 /* SceneDelegate.swift in Sources */ = {isa = PBXBuildFile; fileRef = 2F8639A822A9A3A100BDDC59 /* SceneDelegate.swift */; };
		2F8639AB22A9A3A100BDDC59 /* LandmarkDetail.swift in Sources */ = {isa = PBXBuildFile; fileRef = 2F8639AA22A9A3A100BDDC59 /* LandmarkDetail.swift */; };
		2F8639AD22A9A3A200BDDC59 /* Assets.xcassets in Resources */ = {isa = PBXBuildFile; fileRef = 2F8639AC22A9A3A200BDDC59 /* Assets.xcassets */; };
		2F8639B022A9A3A200BDDC59 /* Preview Assets.xcassets in Resources */ = {isa = PBXBuildFile; fileRef = 2F8639AF22A9A3A200BDDC59 /* Preview Assets.xcassets */; };
		2F8639B322A9A3A200BDDC59 /* LaunchScreen.storyboard in Resources */ = {isa = PBXBuildFile; fileRef = 2F8639B122A9A3A200BDDC59 /* LaunchScreen.storyboard */; };
		2F8639BE22A9A3A200BDDC59 /* LandmarksTests.swift in Sources */ = {isa = PBXBuildFile; fileRef = 2F8639BD22A9A3A200BDDC59 /* LandmarksTests.swift */; };
		2F8639C922A9A3A200BDDC59 /* LandmarksUITests.swift in Sources */ = {isa = PBXBuildFile; fileRef = 2F8639C822A9A3A200BDDC59 /* LandmarksUITests.swift */; };
		2F8639D722A9B65200BDDC59 /* CircleImage.swift in Sources */ = {isa = PBXBuildFile; fileRef = 2F8639D622A9B65200BDDC59 /* CircleImage.swift */; };
		2F8639D922A9B93C00BDDC59 /* MapView.swift in Sources */ = {isa = PBXBuildFile; fileRef = 2F8639D822A9B93C00BDDC59 /* MapView.swift */; };
		2F8639DC22A9EF5200BDDC59 /* Data.swift in Sources */ = {isa = PBXBuildFile; fileRef = 2F8639DB22A9EF5200BDDC59 /* Data.swift */; };
		2F8639DE22A9EFAD00BDDC59 /* Landmark.swift in Sources */ = {isa = PBXBuildFile; fileRef = 2F8639DD22A9EFAD00BDDC59 /* Landmark.swift */; };
		2F8639EF22A9F15C00BDDC59 /* icybay.jpg in Resources */ = {isa = PBXBuildFile; fileRef = 2F8639E222A9F15B00BDDC59 /* icybay.jpg */; };
		2F8639F022A9F15C00BDDC59 /* rainbowlake.jpg in Resources */ = {isa = PBXBuildFile; fileRef = 2F8639E322A9F15B00BDDC59 /* rainbowlake.jpg */; };
		2F8639F122A9F15C00BDDC59 /* turtlerock.jpg in Resources */ = {isa = PBXBuildFile; fileRef = 2F8639E422A9F15B00BDDC59 /* turtlerock.jpg */; };
		2F8639F222A9F15C00BDDC59 /* chincoteague.jpg in Resources */ = {isa = PBXBuildFile; fileRef = 2F8639E522A9F15B00BDDC59 /* chincoteague.jpg */; };
		2F8639F322A9F15C00BDDC59 /* lakemcdonald.jpg in Resources */ = {isa = PBXBuildFile; fileRef = 2F8639E622A9F15B00BDDC59 /* lakemcdonald.jpg */; };
		2F8639F422A9F15C00BDDC59 /* hiddenlake.jpg in Resources */ = {isa = PBXBuildFile; fileRef = 2F8639E722A9F15B00BDDC59 /* hiddenlake.jpg */; };
		2F8639F522A9F15C00BDDC59 /* silversalmoncreek.jpg in Resources */ = {isa = PBXBuildFile; fileRef = 2F8639E822A9F15B00BDDC59 /* silversalmoncreek.jpg */; };
		2F8639F622A9F15C00BDDC59 /* chilkoottrail.jpg in Resources */ = {isa = PBXBuildFile; fileRef = 2F8639E922A9F15B00BDDC59 /* chilkoottrail.jpg */; };
		2F8639F722A9F15C00BDDC59 /* yukon_charleyrivers.jpg in Resources */ = {isa = PBXBuildFile; fileRef = 2F8639EA22A9F15B00BDDC59 /* yukon_charleyrivers.jpg */; };
		2F8639F822A9F15C00BDDC59 /* stmarylake.jpg in Resources */ = {isa = PBXBuildFile; fileRef = 2F8639EB22A9F15C00BDDC59 /* stmarylake.jpg */; };
		2F8639F922A9F15C00BDDC59 /* landmarkData.json in Resources */ = {isa = PBXBuildFile; fileRef = 2F8639EC22A9F15C00BDDC59 /* landmarkData.json */; };
		2F8639FA22A9F15C00BDDC59 /* twinlake.jpg in Resources */ = {isa = PBXBuildFile; fileRef = 2F8639ED22A9F15C00BDDC59 /* twinlake.jpg */; };
		2F8639FB22A9F15C00BDDC59 /* umbagog.jpg in Resources */ = {isa = PBXBuildFile; fileRef = 2F8639EE22A9F15C00BDDC59 /* umbagog.jpg */; };
		2F8639FE22A9F58700BDDC59 /* LandmarkRow.swift in Sources */ = {isa = PBXBuildFile; fileRef = 2F8639FD22A9F58700BDDC59 /* LandmarkRow.swift */; };
		2F863A0022A9F81700BDDC59 /* LandmarkList.swift in Sources */ = {isa = PBXBuildFile; fileRef = 2F8639FF22A9F81700BDDC59 /* LandmarkList.swift */; };
/* End PBXBuildFile section */

/* Begin PBXContainerItemProxy section */
		2F8639BA22A9A3A200BDDC59 /* PBXContainerItemProxy */ = {
			isa = PBXContainerItemProxy;
			containerPortal = 2F86399B22A9A3A100BDDC59 /* Project object */;
			proxyType = 1;
			remoteGlobalIDString = 2F8639A222A9A3A100BDDC59;
			remoteInfo = Landmarks;
		};
		2F8639C522A9A3A200BDDC59 /* PBXContainerItemProxy */ = {
			isa = PBXContainerItemProxy;
			containerPortal = 2F86399B22A9A3A100BDDC59 /* Project object */;
			proxyType = 1;
			remoteGlobalIDString = 2F8639A222A9A3A100BDDC59;
			remoteInfo = Landmarks;
		};
/* End PBXContainerItemProxy section */

/* Begin PBXFileReference section */
		2F8639A322A9A3A100BDDC59 /* Landmarks.app */ = {isa = PBXFileReference; explicitFileType = wrapper.application; includeInIndex = 0; path = Landmarks.app; sourceTree = BUILT_PRODUCTS_DIR; };
		2F8639A622A9A3A100BDDC59 /* AppDelegate.swift */ = {isa = PBXFileReference; lastKnownFileType = sourcecode.swift; path = AppDelegate.swift; sourceTree = "<group>"; };
		2F8639A822A9A3A100BDDC59 /* SceneDelegate.swift */ = {isa = PBXFileReference; lastKnownFileType = sourcecode.swift; path = SceneDelegate.swift; sourceTree = "<group>"; };
		2F8639AA22A9A3A100BDDC59 /* LandmarkDetail.swift */ = {isa = PBXFileReference; lastKnownFileType = sourcecode.swift; path = LandmarkDetail.swift; sourceTree = "<group>"; };
		2F8639AC22A9A3A200BDDC59 /* Assets.xcassets */ = {isa = PBXFileReference; lastKnownFileType = folder.assetcatalog; path = Assets.xcassets; sourceTree = "<group>"; };
		2F8639AF22A9A3A200BDDC59 /* Preview Assets.xcassets */ = {isa = PBXFileReference; lastKnownFileType = folder.assetcatalog; path = "Preview Assets.xcassets"; sourceTree = "<group>"; };
		2F8639B222A9A3A200BDDC59 /* Base */ = {isa = PBXFileReference; lastKnownFileType = file.storyboard; name = Base; path = Base.lproj/LaunchScreen.storyboard; sourceTree = "<group>"; };
		2F8639B422A9A3A200BDDC59 /* Info.plist */ = {isa = PBXFileReference; lastKnownFileType = text.plist.xml; path = Info.plist; sourceTree = "<group>"; };
		2F8639B922A9A3A200BDDC59 /* LandmarksTests.xctest */ = {isa = PBXFileReference; explicitFileType = wrapper.cfbundle; includeInIndex = 0; path = LandmarksTests.xctest; sourceTree = BUILT_PRODUCTS_DIR; };
		2F8639BD22A9A3A200BDDC59 /* LandmarksTests.swift */ = {isa = PBXFileReference; lastKnownFileType = sourcecode.swift; path = LandmarksTests.swift; sourceTree = "<group>"; };
		2F8639BF22A9A3A200BDDC59 /* Info.plist */ = {isa = PBXFileReference; lastKnownFileType = text.plist.xml; path = Info.plist; sourceTree = "<group>"; };
		2F8639C422A9A3A200BDDC59 /* LandmarksUITests.xctest */ = {isa = PBXFileReference; explicitFileType = wrapper.cfbundle; includeInIndex = 0; path = LandmarksUITests.xctest; sourceTree = BUILT_PRODUCTS_DIR; };
		2F8639C822A9A3A200BDDC59 /* LandmarksUITests.swift */ = {isa = PBXFileReference; lastKnownFileType = sourcecode.swift; path = LandmarksUITests.swift; sourceTree = "<group>"; };
		2F8639CA22A9A3A200BDDC59 /* Info.plist */ = {isa = PBXFileReference; lastKnownFileType = text.plist.xml; path = Info.plist; sourceTree = "<group>"; };
		2F8639D622A9B65200BDDC59 /* CircleImage.swift */ = {isa = PBXFileReference; lastKnownFileType = sourcecode.swift; path = CircleImage.swift; sourceTree = "<group>"; };
		2F8639D822A9B93C00BDDC59 /* MapView.swift */ = {isa = PBXFileReference; lastKnownFileType = sourcecode.swift; path = MapView.swift; sourceTree = "<group>"; };
		2F8639DB22A9EF5200BDDC59 /* Data.swift */ = {isa = PBXFileReference; lastKnownFileType = sourcecode.swift; path = Data.swift; sourceTree = "<group>"; };
		2F8639DD22A9EFAD00BDDC59 /* Landmark.swift */ = {isa = PBXFileReference; lastKnownFileType = sourcecode.swift; path = Landmark.swift; sourceTree = "<group>"; };
		2F8639E222A9F15B00BDDC59 /* icybay.jpg */ = {isa = PBXFileReference; lastKnownFileType = image.jpeg; path = icybay.jpg; sourceTree = "<group>"; };
		2F8639E322A9F15B00BDDC59 /* rainbowlake.jpg */ = {isa = PBXFileReference; lastKnownFileType = image.jpeg; path = rainbowlake.jpg; sourceTree = "<group>"; };
		2F8639E422A9F15B00BDDC59 /* turtlerock.jpg */ = {isa = PBXFileReference; lastKnownFileType = image.jpeg; path = turtlerock.jpg; sourceTree = "<group>"; };
		2F8639E522A9F15B00BDDC59 /* chincoteague.jpg */ = {isa = PBXFileReference; lastKnownFileType = image.jpeg; path = chincoteague.jpg; sourceTree = "<group>"; };
		2F8639E622A9F15B00BDDC59 /* lakemcdonald.jpg */ = {isa = PBXFileReference; lastKnownFileType = image.jpeg; path = lakemcdonald.jpg; sourceTree = "<group>"; };
		2F8639E722A9F15B00BDDC59 /* hiddenlake.jpg */ = {isa = PBXFileReference; lastKnownFileType = image.jpeg; path = hiddenlake.jpg; sourceTree = "<group>"; };
		2F8639E822A9F15B00BDDC59 /* silversalmoncreek.jpg */ = {isa = PBXFileReference; lastKnownFileType = image.jpeg; path = silversalmoncreek.jpg; sourceTree = "<group>"; };
		2F8639E922A9F15B00BDDC59 /* chilkoottrail.jpg */ = {isa = PBXFileReference; lastKnownFileType = image.jpeg; path = chilkoottrail.jpg; sourceTree = "<group>"; };
		2F8639EA22A9F15B00BDDC59 /* yukon_charleyrivers.jpg */ = {isa = PBXFileReference; lastKnownFileType = image.jpeg; path = yukon_charleyrivers.jpg; sourceTree = "<group>"; };
		2F8639EB22A9F15C00BDDC59 /* stmarylake.jpg */ = {isa = PBXFileReference; lastKnownFileType = image.jpeg; path = stmarylake.jpg; sourceTree = "<group>"; };
		2F8639EC22A9F15C00BDDC59 /* landmarkData.json */ = {isa = PBXFileReference; fileEncoding = 4; lastKnownFileType = text.json; path = landmarkData.json; sourceTree = "<group>"; };
		2F8639ED22A9F15C00BDDC59 /* twinlake.jpg */ = {isa = PBXFileReference; lastKnownFileType = image.jpeg; path = twinlake.jpg; sourceTree = "<group>"; };
		2F8639EE22A9F15C00BDDC59 /* umbagog.jpg */ = {isa = PBXFileReference; lastKnownFileType = image.jpeg; path = umbagog.jpg; sourceTree = "<group>"; };
		2F8639FD22A9F58700BDDC59 /* LandmarkRow.swift */ = {isa = PBXFileReference; lastKnownFileType = sourcecode.swift; name = LandmarkRow.swift; path = Landmarks/LandmarkRow.swift; sourceTree = SOURCE_ROOT; };
		2F8639FF22A9F81700BDDC59 /* LandmarkList.swift */ = {isa = PBXFileReference; lastKnownFileType = sourcecode.swift; path = LandmarkList.swift; sourceTree = "<group>"; };
/* End PBXFileReference section */

/* Begin PBXFrameworksBuildPhase section */
		2F8639A022A9A3A100BDDC59 /* Frameworks */ = {
			isa = PBXFrameworksBuildPhase;
			buildActionMask = 2147483647;
			files = (
			);
			runOnlyForDeploymentPostprocessing = 0;
		};
		2F8639B622A9A3A200BDDC59 /* Frameworks */ = {
			isa = PBXFrameworksBuildPhase;
			buildActionMask = 2147483647;
			files = (
			);
			runOnlyForDeploymentPostprocessing = 0;
		};
		2F8639C122A9A3A200BDDC59 /* Frameworks */ = {
			isa = PBXFrameworksBuildPhase;
			buildActionMask = 2147483647;
			files = (
			);
			runOnlyForDeploymentPostprocessing = 0;
		};
/* End PBXFrameworksBuildPhase section */

/* Begin PBXGroup section */
		2F86399A22A9A3A100BDDC59 = {
			isa = PBXGroup;
			children = (
				2F8639A522A9A3A100BDDC59 /* Landmarks */,
				2F8639BC22A9A3A200BDDC59 /* LandmarksTests */,
				2F8639C722A9A3A200BDDC59 /* LandmarksUITests */,
				2F8639A422A9A3A100BDDC59 /* Products */,
			);
			sourceTree = "<group>";
		};
		2F8639A422A9A3A100BDDC59 /* Products */ = {
			isa = PBXGroup;
			children = (
				2F8639A322A9A3A100BDDC59 /* Landmarks.app */,
				2F8639B922A9A3A200BDDC59 /* LandmarksTests.xctest */,
				2F8639C422A9A3A200BDDC59 /* LandmarksUITests.xctest */,
			);
			name = Products;
			sourceTree = "<group>";
		};
		2F8639A522A9A3A100BDDC59 /* Landmarks */ = {
			isa = PBXGroup;
			children = (
				2F8639FC22A9F1A300BDDC59 /* Supporting Views */,
				2F8639DF22A9F01800BDDC59 /* Resources */,
				2F8639DA22A9EF0300BDDC59 /* Models */,
				2F8639A622A9A3A100BDDC59 /* AppDelegate.swift */,
				2F8639A822A9A3A100BDDC59 /* SceneDelegate.swift */,
				2F8639AA22A9A3A100BDDC59 /* LandmarkDetail.swift */,
				2F8639AC22A9A3A200BDDC59 /* Assets.xcassets */,
				2F8639B122A9A3A200BDDC59 /* LaunchScreen.storyboard */,
				2F8639B422A9A3A200BDDC59 /* Info.plist */,
				2F8639AE22A9A3A200BDDC59 /* Preview Content */,
				2F8639FF22A9F81700BDDC59 /* LandmarkList.swift */,
			);
			path = Landmarks;
			sourceTree = "<group>";
		};
		2F8639AE22A9A3A200BDDC59 /* Preview Content */ = {
			isa = PBXGroup;
			children = (
				2F8639AF22A9A3A200BDDC59 /* Preview Assets.xcassets */,
			);
			path = "Preview Content";
			sourceTree = "<group>";
		};
		2F8639BC22A9A3A200BDDC59 /* LandmarksTests */ = {
			isa = PBXGroup;
			children = (
				2F8639BD22A9A3A200BDDC59 /* LandmarksTests.swift */,
				2F8639BF22A9A3A200BDDC59 /* Info.plist */,
			);
			path = LandmarksTests;
			sourceTree = "<group>";
		};
		2F8639C722A9A3A200BDDC59 /* LandmarksUITests */ = {
			isa = PBXGroup;
			children = (
				2F8639C822A9A3A200BDDC59 /* LandmarksUITests.swift */,
				2F8639CA22A9A3A200BDDC59 /* Info.plist */,
			);
			path = LandmarksUITests;
			sourceTree = "<group>";
		};
		2F8639DA22A9EF0300BDDC59 /* Models */ = {
			isa = PBXGroup;
			children = (
				2F8639DB22A9EF5200BDDC59 /* Data.swift */,
				2F8639DD22A9EFAD00BDDC59 /* Landmark.swift */,
			);
			path = Models;
			sourceTree = "<group>";
		};
		2F8639DF22A9F01800BDDC59 /* Resources */ = {
			isa = PBXGroup;
			children = (
				2F8639E922A9F15B00BDDC59 /* chilkoottrail.jpg */,
				2F8639E522A9F15B00BDDC59 /* chincoteague.jpg */,
				2F8639E722A9F15B00BDDC59 /* hiddenlake.jpg */,
				2F8639E222A9F15B00BDDC59 /* icybay.jpg */,
				2F8639E622A9F15B00BDDC59 /* lakemcdonald.jpg */,
				2F8639EC22A9F15C00BDDC59 /* landmarkData.json */,
				2F8639E322A9F15B00BDDC59 /* rainbowlake.jpg */,
				2F8639E822A9F15B00BDDC59 /* silversalmoncreek.jpg */,
				2F8639EB22A9F15C00BDDC59 /* stmarylake.jpg */,
				2F8639E422A9F15B00BDDC59 /* turtlerock.jpg */,
				2F8639ED22A9F15C00BDDC59 /* twinlake.jpg */,
				2F8639EE22A9F15C00BDDC59 /* umbagog.jpg */,
				2F8639EA22A9F15B00BDDC59 /* yukon_charleyrivers.jpg */,
			);
			path = Resources;
			sourceTree = "<group>";
		};
		2F8639FC22A9F1A300BDDC59 /* Supporting Views */ = {
			isa = PBXGroup;
			children = (
				2F8639FD22A9F58700BDDC59 /* LandmarkRow.swift */,
				2F8639D622A9B65200BDDC59 /* CircleImage.swift */,
				2F8639D822A9B93C00BDDC59 /* MapView.swift */,
			);
			path = "Supporting Views";
			sourceTree = "<group>";
		};
/* End PBXGroup section */

/* Begin PBXNativeTarget section */
		2F8639A222A9A3A100BDDC59 /* Landmarks */ = {
			isa = PBXNativeTarget;
			buildConfigurationList = 2F8639CD22A9A3A200BDDC59 /* Build configuration list for PBXNativeTarget "Landmarks" */;
			buildPhases = (
				2F86399F22A9A3A100BDDC59 /* Sources */,
				2F8639A022A9A3A100BDDC59 /* Frameworks */,
				2F8639A122A9A3A100BDDC59 /* Resources */,
			);
			buildRules = (
			);
			dependencies = (
			);
			name = Landmarks;
			productName = Landmarks;
			productReference = 2F8639A322A9A3A100BDDC59 /* Landmarks.app */;
			productType = "com.apple.product-type.application";
		};
		2F8639B822A9A3A200BDDC59 /* LandmarksTests */ = {
			isa = PBXNativeTarget;
			buildConfigurationList = 2F8639D022A9A3A200BDDC59 /* Build configuration list for PBXNativeTarget "LandmarksTests" */;
			buildPhases = (
				2F8639B522A9A3A200BDDC59 /* Sources */,
				2F8639B622A9A3A200BDDC59 /* Frameworks */,
				2F8639B722A9A3A200BDDC59 /* Resources */,
			);
			buildRules = (
			);
			dependencies = (
				2F8639BB22A9A3A200BDDC59 /* PBXTargetDependency */,
			);
			name = LandmarksTests;
			productName = LandmarksTests;
			productReference = 2F8639B922A9A3A200BDDC59 /* LandmarksTests.xctest */;
			productType = "com.apple.product-type.bundle.unit-test";
		};
		2F8639C322A9A3A200BDDC59 /* LandmarksUITests */ = {
			isa = PBXNativeTarget;
			buildConfigurationList = 2F8639D322A9A3A200BDDC59 /* Build configuration list for PBXNativeTarget "LandmarksUITests" */;
			buildPhases = (
				2F8639C022A9A3A200BDDC59 /* Sources */,
				2F8639C122A9A3A200BDDC59 /* Frameworks */,
				2F8639C222A9A3A200BDDC59 /* Resources */,
			);
			buildRules = (
			);
			dependencies = (
				2F8639C622A9A3A200BDDC59 /* PBXTargetDependency */,
			);
			name = LandmarksUITests;
			productName = LandmarksUITests;
			productReference = 2F8639C422A9A3A200BDDC59 /* LandmarksUITests.xctest */;
			productType = "com.apple.product-type.bundle.ui-testing";
		};
/* End PBXNativeTarget section */

/* Begin PBXProject section */
		2F86399B22A9A3A100BDDC59 /* Project object */ = {
			isa = PBXProject;
			attributes = {
				LastSwiftUpdateCheck = 1100;
				LastUpgradeCheck = 1100;
				ORGANIZATIONNAME = "Tyler Lutz";
				TargetAttributes = {
					2F8639A222A9A3A100BDDC59 = {
						CreatedOnToolsVersion = 11.0;
					};
					2F8639B822A9A3A200BDDC59 = {
						CreatedOnToolsVersion = 11.0;
						TestTargetID = 2F8639A222A9A3A100BDDC59;
					};
					2F8639C322A9A3A200BDDC59 = {
						CreatedOnToolsVersion = 11.0;
						TestTargetID = 2F8639A222A9A3A100BDDC59;
					};
				};
			};
			buildConfigurationList = 2F86399E22A9A3A100BDDC59 /* Build configuration list for PBXProject "Landmarks" */;
			compatibilityVersion = "Xcode 9.3";
			developmentRegion = en;
			hasScannedForEncodings = 0;
			knownRegions = (
				en,
				Base,
			);
			mainGroup = 2F86399A22A9A3A100BDDC59;
			productRefGroup = 2F8639A422A9A3A100BDDC59 /* Products */;
			projectDirPath = "";
			projectRoot = "";
			targets = (
				2F8639A222A9A3A100BDDC59 /* Landmarks */,
				2F8639B822A9A3A200BDDC59 /* LandmarksTests */,
				2F8639C322A9A3A200BDDC59 /* LandmarksUITests */,
			);
		};
/* End PBXProject section */

/* Begin PBXResourcesBuildPhase section */
		2F8639A122A9A3A100BDDC59 /* Resources */ = {
			isa = PBXResourcesBuildPhase;
			buildActionMask = 2147483647;
			files = (
				2F8639B322A9A3A200BDDC59 /* LaunchScreen.storyboard in Resources */,
				2F8639F022A9F15C00BDDC59 /* rainbowlake.jpg in Resources */,
				2F8639F122A9F15C00BDDC59 /* turtlerock.jpg in Resources */,
				2F8639F822A9F15C00BDDC59 /* stmarylake.jpg in Resources */,
				2F8639F222A9F15C00BDDC59 /* chincoteague.jpg in Resources */,
				2F8639B022A9A3A200BDDC59 /* Preview Assets.xcassets in Resources */,
				2F8639FA22A9F15C00BDDC59 /* twinlake.jpg in Resources */,
				2F8639F522A9F15C00BDDC59 /* silversalmoncreek.jpg in Resources */,
				2F8639F622A9F15C00BDDC59 /* chilkoottrail.jpg in Resources */,
				2F8639EF22A9F15C00BDDC59 /* icybay.jpg in Resources */,
				2F8639F922A9F15C00BDDC59 /* landmarkData.json in Resources */,
				2F8639F322A9F15C00BDDC59 /* lakemcdonald.jpg in Resources */,
				2F8639FB22A9F15C00BDDC59 /* umbagog.jpg in Resources */,
				2F8639F422A9F15C00BDDC59 /* hiddenlake.jpg in Resources */,
				2F8639F722A9F15C00BDDC59 /* yukon_charleyrivers.jpg in Resources */,
				2F8639AD22A9A3A200BDDC59 /* Assets.xcassets in Resources */,
			);
			runOnlyForDeploymentPostprocessing = 0;
		};
		2F8639B722A9A3A200BDDC59 /* Resources */ = {
			isa = PBXResourcesBuildPhase;
			buildActionMask = 2147483647;
			files = (
			);
			runOnlyForDeploymentPostprocessing = 0;
		};
		2F8639C222A9A3A200BDDC59 /* Resources */ = {
			isa = PBXResourcesBuildPhase;
			buildActionMask = 2147483647;
			files = (
			);
			runOnlyForDeploymentPostprocessing = 0;
		};
/* End PBXResourcesBuildPhase section */

/* Begin PBXSourcesBuildPhase section */
		2F86399F22A9A3A100BDDC59 /* Sources */ = {
			isa = PBXSourcesBuildPhase;
			buildActionMask = 2147483647;
			files = (
				2F8639DE22A9EFAD00BDDC59 /* Landmark.swift in Sources */,
				2F8639A722A9A3A100BDDC59 /* AppDelegate.swift in Sources */,
				2F8639DC22A9EF5200BDDC59 /* Data.swift in Sources */,
				2F8639D722A9B65200BDDC59 /* CircleImage.swift in Sources */,
				2F863A0022A9F81700BDDC59 /* LandmarkList.swift in Sources */,
				2F8639D922A9B93C00BDDC59 /* MapView.swift in Sources */,
				2F8639A922A9A3A100BDDC59 /* SceneDelegate.swift in Sources */,
				2F8639FE22A9F58700BDDC59 /* LandmarkRow.swift in Sources */,
				2F8639AB22A9A3A100BDDC59 /* LandmarkDetail.swift in Sources */,
			);
			runOnlyForDeploymentPostprocessing = 0;
		};
		2F8639B522A9A3A200BDDC59 /* Sources */ = {
			isa = PBXSourcesBuildPhase;
			buildActionMask = 2147483647;
			files = (
				2F8639BE22A9A3A200BDDC59 /* LandmarksTests.swift in Sources */,
			);
			runOnlyForDeploymentPostprocessing = 0;
		};
		2F8639C022A9A3A200BDDC59 /* Sources */ = {
			isa = PBXSourcesBuildPhase;
			buildActionMask = 2147483647;
			files = (
				2F8639C922A9A3A200BDDC59 /* LandmarksUITests.swift in Sources */,
			);
			runOnlyForDeploymentPostprocessing = 0;
		};
/* End PBXSourcesBuildPhase section */

/* Begin PBXTargetDependency section */
		2F8639BB22A9A3A200BDDC59 /* PBXTargetDependency */ = {
			isa = PBXTargetDependency;
			target = 2F8639A222A9A3A100BDDC59 /* Landmarks */;
			targetProxy = 2F8639BA22A9A3A200BDDC59 /* PBXContainerItemProxy */;
		};
		2F8639C622A9A3A200BDDC59 /* PBXTargetDependency */ = {
			isa = PBXTargetDependency;
			target = 2F8639A222A9A3A100BDDC59 /* Landmarks */;
			targetProxy = 2F8639C522A9A3A200BDDC59 /* PBXContainerItemProxy */;
		};
/* End PBXTargetDependency section */

/* Begin PBXVariantGroup section */
		2F8639B122A9A3A200BDDC59 /* LaunchScreen.storyboard */ = {
			isa = PBXVariantGroup;
			children = (
				2F8639B222A9A3A200BDDC59 /* Base */,
			);
			name = LaunchScreen.storyboard;
			sourceTree = "<group>";
		};
/* End PBXVariantGroup section */

/* Begin XCBuildConfiguration section */
		2F8639CB22A9A3A200BDDC59 /* Debug */ = {
			isa = XCBuildConfiguration;
			buildSettings = {
				ALWAYS_SEARCH_USER_PATHS = NO;
				CLANG_ANALYZER_NONNULL = YES;
				CLANG_ANALYZER_NUMBER_OBJECT_CONVERSION = YES_AGGRESSIVE;
				CLANG_CXX_LANGUAGE_STANDARD = "gnu++14";
				CLANG_CXX_LIBRARY = "libc++";
				CLANG_ENABLE_MODULES = YES;
				CLANG_ENABLE_OBJC_ARC = YES;
				CLANG_ENABLE_OBJC_WEAK = YES;
				CLANG_WARN_BLOCK_CAPTURE_AUTORELEASING = YES;
				CLANG_WARN_BOOL_CONVERSION = YES;
				CLANG_WARN_COMMA = YES;
				CLANG_WARN_CONSTANT_CONVERSION = YES;
				CLANG_WARN_DEPRECATED_OBJC_IMPLEMENTATIONS = YES;
				CLANG_WARN_DIRECT_OBJC_ISA_USAGE = YES_ERROR;
				CLANG_WARN_DOCUMENTATION_COMMENTS = YES;
				CLANG_WARN_EMPTY_BODY = YES;
				CLANG_WARN_ENUM_CONVERSION = YES;
				CLANG_WARN_INFINITE_RECURSION = YES;
				CLANG_WARN_INT_CONVERSION = YES;
				CLANG_WARN_NON_LITERAL_NULL_CONVERSION = YES;
				CLANG_WARN_OBJC_IMPLICIT_RETAIN_SELF = YES;
				CLANG_WARN_OBJC_LITERAL_CONVERSION = YES;
				CLANG_WARN_OBJC_ROOT_CLASS = YES_ERROR;
				CLANG_WARN_RANGE_LOOP_ANALYSIS = YES;
				CLANG_WARN_STRICT_PROTOTYPES = YES;
				CLANG_WARN_SUSPICIOUS_MOVE = YES;
				CLANG_WARN_UNGUARDED_AVAILABILITY = YES_AGGRESSIVE;
				CLANG_WARN_UNREACHABLE_CODE = YES;
				CLANG_WARN__DUPLICATE_METHOD_MATCH = YES;
				COPY_PHASE_STRIP = NO;
				DEBUG_INFORMATION_FORMAT = dwarf;
				ENABLE_STRICT_OBJC_MSGSEND = YES;
				ENABLE_TESTABILITY = YES;
				GCC_C_LANGUAGE_STANDARD = gnu11;
				GCC_DYNAMIC_NO_PIC = NO;
				GCC_NO_COMMON_BLOCKS = YES;
				GCC_OPTIMIZATION_LEVEL = 0;
				GCC_PREPROCESSOR_DEFINITIONS = (
					"DEBUG=1",
					"$(inherited)",
				);
				GCC_WARN_64_TO_32_BIT_CONVERSION = YES;
				GCC_WARN_ABOUT_RETURN_TYPE = YES_ERROR;
				GCC_WARN_UNDECLARED_SELECTOR = YES;
				GCC_WARN_UNINITIALIZED_AUTOS = YES_AGGRESSIVE;
				GCC_WARN_UNUSED_FUNCTION = YES;
				GCC_WARN_UNUSED_VARIABLE = YES;
				IPHONEOS_DEPLOYMENT_TARGET = 13.0;
				MTL_ENABLE_DEBUG_INFO = INCLUDE_SOURCE;
				MTL_FAST_MATH = YES;
				ONLY_ACTIVE_ARCH = YES;
				SDKROOT = iphoneos;
				SWIFT_ACTIVE_COMPILATION_CONDITIONS = DEBUG;
				SWIFT_OPTIMIZATION_LEVEL = "-Onone";
			};
			name = Debug;
		};
		2F8639CC22A9A3A200BDDC59 /* Release */ = {
			isa = XCBuildConfiguration;
			buildSettings = {
				ALWAYS_SEARCH_USER_PATHS = NO;
				CLANG_ANALYZER_NONNULL = YES;
				CLANG_ANALYZER_NUMBER_OBJECT_CONVERSION = YES_AGGRESSIVE;
				CLANG_CXX_LANGUAGE_STANDARD = "gnu++14";
				CLANG_CXX_LIBRARY = "libc++";
				CLANG_ENABLE_MODULES = YES;
				CLANG_ENABLE_OBJC_ARC = YES;
				CLANG_ENABLE_OBJC_WEAK = YES;
				CLANG_WARN_BLOCK_CAPTURE_AUTORELEASING = YES;
				CLANG_WARN_BOOL_CONVERSION = YES;
				CLANG_WARN_COMMA = YES;
				CLANG_WARN_CONSTANT_CONVERSION = YES;
				CLANG_WARN_DEPRECATED_OBJC_IMPLEMENTATIONS = YES;
				CLANG_WARN_DIRECT_OBJC_ISA_USAGE = YES_ERROR;
				CLANG_WARN_DOCUMENTATION_COMMENTS = YES;
				CLANG_WARN_EMPTY_BODY = YES;
				CLANG_WARN_ENUM_CONVERSION = YES;
				CLANG_WARN_INFINITE_RECURSION = YES;
				CLANG_WARN_INT_CONVERSION = YES;
				CLANG_WARN_NON_LITERAL_NULL_CONVERSION = YES;
				CLANG_WARN_OBJC_IMPLICIT_RETAIN_SELF = YES;
				CLANG_WARN_OBJC_LITERAL_CONVERSION = YES;
				CLANG_WARN_OBJC_ROOT_CLASS = YES_ERROR;
				CLANG_WARN_RANGE_LOOP_ANALYSIS = YES;
				CLANG_WARN_STRICT_PROTOTYPES = YES;
				CLANG_WARN_SUSPICIOUS_MOVE = YES;
				CLANG_WARN_UNGUARDED_AVAILABILITY = YES_AGGRESSIVE;
				CLANG_WARN_UNREACHABLE_CODE = YES;
				CLANG_WARN__DUPLICATE_METHOD_MATCH = YES;
				COPY_PHASE_STRIP = NO;
				DEBUG_INFORMATION_FORMAT = "dwarf-with-dsym";
				ENABLE_NS_ASSERTIONS = NO;
				ENABLE_STRICT_OBJC_MSGSEND = YES;
				GCC_C_LANGUAGE_STANDARD = gnu11;
				GCC_NO_COMMON_BLOCKS = YES;
				GCC_WARN_64_TO_32_BIT_CONVERSION = YES;
				GCC_WARN_ABOUT_RETURN_TYPE = YES_ERROR;
				GCC_WARN_UNDECLARED_SELECTOR = YES;
				GCC_WARN_UNINITIALIZED_AUTOS = YES_AGGRESSIVE;
				GCC_WARN_UNUSED_FUNCTION = YES;
				GCC_WARN_UNUSED_VARIABLE = YES;
				IPHONEOS_DEPLOYMENT_TARGET = 13.0;
				MTL_ENABLE_DEBUG_INFO = NO;
				MTL_FAST_MATH = YES;
				SDKROOT = iphoneos;
				SWIFT_COMPILATION_MODE = wholemodule;
				SWIFT_OPTIMIZATION_LEVEL = "-O";
				VALIDATE_PRODUCT = YES;
			};
			name = Release;
		};
		2F8639CE22A9A3A200BDDC59 /* Debug */ = {
			isa = XCBuildConfiguration;
			buildSettings = {
				ASSETCATALOG_COMPILER_APPICON_NAME = AppIcon;
				CODE_SIGN_STYLE = Automatic;
				DEVELOPMENT_ASSET_PATHS = "Landmarks/Preview\\ Content";
				DEVELOPMENT_TEAM = LZPQ8393H8;
				ENABLE_PREVIEWS = YES;
				INFOPLIST_FILE = Landmarks/Info.plist;
				LD_RUNPATH_SEARCH_PATHS = (
					"$(inherited)",
					"@executable_path/Frameworks",
				);
				PRODUCT_BUNDLE_IDENTIFIER = com.tylerlutz.Landmarks;
				PRODUCT_NAME = "$(TARGET_NAME)";
				SWIFT_VERSION = 5.0;
				TARGETED_DEVICE_FAMILY = "1,2";
			};
			name = Debug;
		};
		2F8639CF22A9A3A200BDDC59 /* Release */ = {
			isa = XCBuildConfiguration;
			buildSettings = {
				ASSETCATALOG_COMPILER_APPICON_NAME = AppIcon;
				CODE_SIGN_STYLE = Automatic;
				DEVELOPMENT_ASSET_PATHS = "Landmarks/Preview\\ Content";
				DEVELOPMENT_TEAM = LZPQ8393H8;
				ENABLE_PREVIEWS = YES;
				INFOPLIST_FILE = Landmarks/Info.plist;
				LD_RUNPATH_SEARCH_PATHS = (
					"$(inherited)",
					"@executable_path/Frameworks",
				);
				PRODUCT_BUNDLE_IDENTIFIER = com.tylerlutz.Landmarks;
				PRODUCT_NAME = "$(TARGET_NAME)";
				SWIFT_VERSION = 5.0;
				TARGETED_DEVICE_FAMILY = "1,2";
			};
			name = Release;
		};
		2F8639D122A9A3A200BDDC59 /* Debug */ = {
			isa = XCBuildConfiguration;
			buildSettings = {
				ALWAYS_EMBED_SWIFT_STANDARD_LIBRARIES = YES;
				BUNDLE_LOADER = "$(TEST_HOST)";
				CODE_SIGN_STYLE = Automatic;
				DEVELOPMENT_TEAM = LZPQ8393H8;
				INFOPLIST_FILE = LandmarksTests/Info.plist;
				LD_RUNPATH_SEARCH_PATHS = (
					"$(inherited)",
					"@executable_path/Frameworks",
					"@loader_path/Frameworks",
				);
				PRODUCT_BUNDLE_IDENTIFIER = com.tylerlutz.LandmarksTests;
				PRODUCT_NAME = "$(TARGET_NAME)";
				SWIFT_VERSION = 5.0;
				TARGETED_DEVICE_FAMILY = "1,2";
				TEST_HOST = "$(BUILT_PRODUCTS_DIR)/Landmarks.app/Landmarks";
			};
			name = Debug;
		};
		2F8639D222A9A3A200BDDC59 /* Release */ = {
			isa = XCBuildConfiguration;
			buildSettings = {
				ALWAYS_EMBED_SWIFT_STANDARD_LIBRARIES = YES;
				BUNDLE_LOADER = "$(TEST_HOST)";
				CODE_SIGN_STYLE = Automatic;
				DEVELOPMENT_TEAM = LZPQ8393H8;
				INFOPLIST_FILE = LandmarksTests/Info.plist;
				LD_RUNPATH_SEARCH_PATHS = (
					"$(inherited)",
					"@executable_path/Frameworks",
					"@loader_path/Frameworks",
				);
				PRODUCT_BUNDLE_IDENTIFIER = com.tylerlutz.LandmarksTests;
				PRODUCT_NAME = "$(TARGET_NAME)";
				SWIFT_VERSION = 5.0;
				TARGETED_DEVICE_FAMILY = "1,2";
				TEST_HOST = "$(BUILT_PRODUCTS_DIR)/Landmarks.app/Landmarks";
			};
			name = Release;
		};
		2F8639D422A9A3A200BDDC59 /* Debug */ = {
			isa = XCBuildConfiguration;
			buildSettings = {
				ALWAYS_EMBED_SWIFT_STANDARD_LIBRARIES = YES;
				CODE_SIGN_STYLE = Automatic;
				DEVELOPMENT_TEAM = LZPQ8393H8;
				INFOPLIST_FILE = LandmarksUITests/Info.plist;
				LD_RUNPATH_SEARCH_PATHS = (
					"$(inherited)",
					"@executable_path/Frameworks",
					"@loader_path/Frameworks",
				);
				PRODUCT_BUNDLE_IDENTIFIER = com.tylerlutz.LandmarksUITests;
				PRODUCT_NAME = "$(TARGET_NAME)";
				SWIFT_VERSION = 5.0;
				TARGETED_DEVICE_FAMILY = "1,2";
				TEST_TARGET_NAME = Landmarks;
			};
			name = Debug;
		};
		2F8639D522A9A3A200BDDC59 /* Release */ = {
			isa = XCBuildConfiguration;
			buildSettings = {
				ALWAYS_EMBED_SWIFT_STANDARD_LIBRARIES = YES;
				CODE_SIGN_STYLE = Automatic;
				DEVELOPMENT_TEAM = LZPQ8393H8;
				INFOPLIST_FILE = LandmarksUITests/Info.plist;
				LD_RUNPATH_SEARCH_PATHS = (
					"$(inherited)",
					"@executable_path/Frameworks",
					"@loader_path/Frameworks",
				);
				PRODUCT_BUNDLE_IDENTIFIER = com.tylerlutz.LandmarksUITests;
				PRODUCT_NAME = "$(TARGET_NAME)";
				SWIFT_VERSION = 5.0;
				TARGETED_DEVICE_FAMILY = "1,2";
				TEST_TARGET_NAME = Landmarks;
			};
			name = Release;
		};
/* End XCBuildConfiguration section */

/* Begin XCConfigurationList section */
		2F86399E22A9A3A100BDDC59 /* Build configuration list for PBXProject "Landmarks" */ = {
			isa = XCConfigurationList;
			buildConfigurations = (
				2F8639CB22A9A3A200BDDC59 /* Debug */,
				2F8639CC22A9A3A200BDDC59 /* Release */,
			);
			defaultConfigurationIsVisible = 0;
			defaultConfigurationName = Release;
		};
		2F8639CD22A9A3A200BDDC59 /* Build configuration list for PBXNativeTarget "Landmarks" */ = {
			isa = XCConfigurationList;
			buildConfigurations = (
				2F8639CE22A9A3A200BDDC59 /* Debug */,
				2F8639CF22A9A3A200BDDC59 /* Release */,
			);
			defaultConfigurationIsVisible = 0;
			defaultConfigurationName = Release;
		};
		2F8639D022A9A3A200BDDC59 /* Build configuration list for PBXNativeTarget "LandmarksTests" */ = {
			isa = XCConfigurationList;
			buildConfigurations = (
				2F8639D122A9A3A200BDDC59 /* Debug */,
				2F8639D222A9A3A200BDDC59 /* Release */,
			);
			defaultConfigurationIsVisible = 0;
			defaultConfigurationName = Release;
		};
		2F8639D322A9A3A200BDDC59 /* Build configuration list for PBXNativeTarget "LandmarksUITests" */ = {
			isa = XCConfigurationList;
			buildConfigurations = (
				2F8639D422A9A3A200BDDC59 /* Debug */,
				2F8639D522A9A3A200BDDC59 /* Release */,
			);
			defaultConfigurationIsVisible = 0;
			defaultConfigurationName = Release;
		};
/* End XCConfigurationList section */
	};
	rootObject = 2F86399B22A9A3A100BDDC59 /* Project object */;
}
